<?xml version="1.0" encoding="utf-8"?>
<Project ToolsVersion="4.0" xmlns="http://schemas.microsoft.com/developer/msbuild/2003">
  <ItemGroup>
    <Filter Include="Source Files">
      <UniqueIdentifier>{5005267b-74ae-468d-9bc0-9f3e843e82cd}</UniqueIdentifier>
      <Extensions>cpp;c;cxx;def;odl;idl;hpj;bat;asm</Extensions>
    </Filter>
    <Filter Include="Header Files">
      <UniqueIdentifier>{47326b31-23c2-45fc-99e7-4363b0835177}</UniqueIdentifier>
      <Extensions>h;hpp;hxx;hm;inl;inc</Extensions>
    </Filter>
    <Filter Include="Resource Files">
      <UniqueIdentifier>{097c2005-2148-4891-aeda-0f9507bd55b6}</UniqueIdentifier>
      <Extensions>rc;ico;cur;bmp;dlg;rc2;rct;bin;rgs;jpg;jpeg;jpe;manifest</Extensions>
    </Filter>
    <Filter Include="SoUI Resouece">
      <UniqueIdentifier>{3d08df55-904e-4767-8526-6ef5049a2cdd}</UniqueIdentifier>
      <Extensions>idx;xml;png;gif;jpg;ico;lua;bmp</Extensions>
    </Filter>
  </ItemGroup>
  <ItemGroup>
    <Text Include="license.txt" />
    <Text Include="readme.txt" />
  </ItemGroup>
  <ItemGroup>
    <ClCompile Include="Iermu-Aitools.cpp">
      <Filter>Source Files</Filter>
    </ClCompile>
    <ClCompile Include="MainDlg.cpp">
      <Filter>Source Files</Filter>
    </ClCompile>
    <ClCompile Include="stdafx.cpp">
      <Filter>Source Files</Filter>
    </ClCompile>
    <ClCompile Include="socket\src\threadObject.cpp">
      <Filter>Source Files</Filter>
    </ClCompile>
    <ClCompile Include="socket\src\UpnpTool.cpp">
      <Filter>Source Files</Filter>
    </ClCompile>
    <ClCompile Include="socket\src\WinSocketClient.cpp">
      <Filter>Source Files</Filter>
    </ClCompile>
    <ClCompile Include="AdapterIP.cpp">
      <Filter>Source Files</Filter>
    </ClCompile>
    <ClCompile Include="PlayerInterface.cpp">
      <Filter>Source Files</Filter>
    </ClCompile>
    <ClCompile Include="httpserver\src\HTTPConfig.cpp">
      <Filter>Source Files</Filter>
    </ClCompile>
    <ClCompile Include="httpserver\src\HTTPServer.cpp">
      <Filter>Source Files</Filter>
    </ClCompile>
    <ClCompile Include="httpserver\src\HTTPRequest.cpp">
      <Filter>Source Files</Filter>
    </ClCompile>
    <ClCompile Include="httpserver\src\ATW.cpp">
      <Filter>Source Files</Filter>
    </ClCompile>
    <ClCompile Include="httpserver\src\FCGICache.cpp">
      <Filter>Source Files</Filter>
    </ClCompile>
    <ClCompile Include="httpserver\src\FCGIFactory.cpp">
      <Filter>Source Files</Filter>
    </ClCompile>
    <ClCompile Include="httpserver\src\FCGIRecord.cpp">
      <Filter>Source Files</Filter>
    </ClCompile>
    <ClCompile Include="httpserver\src\FCGIResponder.cpp">
      <Filter>Source Files</Filter>
    </ClCompile>
    <ClCompile Include="httpserver\src\HTTPContent.cpp">
      <Filter>Source Files</Filter>
    </ClCompile>
    <ClCompile Include="httpserver\src\HTTPDef.cpp">
      <Filter>Source Files</Filter>
    </ClCompile>
    <ClCompile Include="httpserver\src\HTTPResponder.cpp">
      <Filter>Source Files</Filter>
    </ClCompile>
    <ClCompile Include="httpserver\src\HTTPResponseHeader.cpp">
      <Filter>Source Files</Filter>
    </ClCompile>
    <ClCompile Include="httpserver\src\IOCPNetwork.cpp">
      <Filter>Source Files</Filter>
    </ClCompile>
    <ClCompile Include="httpserver\src\Lock.cpp">
      <Filter>Source Files</Filter>
    </ClCompile>
    <ClCompile Include="httpserver\src\memfile.cpp">
      <Filter>Source Files</Filter>
    </ClCompile>
    <ClCompile Include="httpserver\src\TimerQueue.cpp">
      <Filter>Source Files</Filter>
    </ClCompile>
    <ClCompile Include="httpserver\src\WINFile.cpp">
      <Filter>Source Files</Filter>
    </ClCompile>
    <ClCompile Include="httpserver\src\XmlDocument.cpp">
      <Filter>Source Files</Filter>
    </ClCompile>
    <ClCompile Include="SAnimImg.cpp">
      <Filter>Source Files</Filter>
    </ClCompile>
    <ClCompile Include="STabCtrl2.cpp">
      <Filter>Source Files</Filter>
    </ClCompile>
    <ClCompile Include="RealWndDlg.cpp">
      <Filter>Source Files</Filter>
    </ClCompile>
    <ClCompile Include="SouiRealWndHandler.cpp">
      <Filter>Source Files</Filter>
    </ClCompile>
    <ClCompile Include="PlayerDlg.cpp">
      <Filter>Source Files</Filter>
    </ClCompile>
    <ClCompile Include="httpclient\src\HttpConnect.cpp">
      <Filter>Source Files</Filter>
    </ClCompile>
    <ClCompile Include="httpclient\src\HttpSocket.cpp">
      <Filter>Source Files</Filter>
    </ClCompile>
    <ClCompile Include="httpclient\src\IHttp.cpp">
      <Filter>Source Files</Filter>
    </ClCompile>
  </ItemGroup>
  <ItemGroup>
    <ResourceCompile Include="Iermu-Aitools.rc">
      <Filter>Resource Files</Filter>
    </ResourceCompile>
  </ItemGroup>
  <ItemGroup>
    <ClInclude Include="MainDlg.h">
      <Filter>Header Files</Filter>
    </ClInclude>
    <ClInclude Include="resource.h">
      <Filter>Header Files</Filter>
    </ClInclude>
    <ClInclude Include="stdafx.h">
      <Filter>Header Files</Filter>
    </ClInclude>
    <ClInclude Include="socket\include\threadObject.h">
      <Filter>Header Files</Filter>
    </ClInclude>
    <ClInclude Include="socket\include\UpnpTool.h">
      <Filter>Header Files</Filter>
    </ClInclude>
    <ClInclude Include="socket\include\WinSocketClient.h">
      <Filter>Header Files</Filter>
    </ClInclude>
    <ClInclude Include="AdapterIP.h">
      <Filter>Header Files</Filter>
    </ClInclude>
    <ClInclude Include="PlayerInterface.h">
      <Filter>Header Files</Filter>
    </ClInclude>
    <ClInclude Include="httpserver\include\HTTPConfig.h">
      <Filter>Header Files</Filter>
    </ClInclude>
    <ClInclude Include="httpserver\include\HTTPServer.h">
      <Filter>Header Files</Filter>
    </ClInclude>
    <ClInclude Include="httpserver\include\HTTPRequest.h">
      <Filter>Header Files</Filter>
    </ClInclude>
    <ClInclude Include="httpserver\include\ATW.h">
      <Filter>Header Files</Filter>
    </ClInclude>
    <ClInclude Include="httpserver\include\fastcgi.h">
      <Filter>Header Files</Filter>
    </ClInclude>
    <ClInclude Include="httpserver\include\FCGICache.h">
      <Filter>Header Files</Filter>
    </ClInclude>
    <ClInclude Include="httpserver\include\FCGIFactory.h">
      <Filter>Header Files</Filter>
    </ClInclude>
    <ClInclude Include="httpserver\include\FCGIRecord.h">
      <Filter>Header Files</Filter>
    </ClInclude>
    <ClInclude Include="httpserver\include\FCGIResponder.h">
      <Filter>Header Files</Filter>
    </ClInclude>
    <ClInclude Include="httpserver\include\HTTPContent.h">
      <Filter>Header Files</Filter>
    </ClInclude>
    <ClInclude Include="httpserver\include\HTTPDef.h">
      <Filter>Header Files</Filter>
    </ClInclude>
    <ClInclude Include="httpserver\include\HTTPResponder.h">
      <Filter>Header Files</Filter>
    </ClInclude>
    <ClInclude Include="httpserver\include\HTTPResponseHeader.h">
      <Filter>Header Files</Filter>
    </ClInclude>
    <ClInclude Include="httpserver\include\IOCPNetwork.h">
      <Filter>Header Files</Filter>
    </ClInclude>
    <ClInclude Include="httpserver\include\Lock.h">
      <Filter>Header Files</Filter>
    </ClInclude>
    <ClInclude Include="httpserver\include\memfile.h">
      <Filter>Header Files</Filter>
    </ClInclude>
    <ClInclude Include="httpserver\include\TimerQueue.h">
      <Filter>Header Files</Filter>
    </ClInclude>
    <ClInclude Include="httpserver\include\WINFile.h">
      <Filter>Header Files</Filter>
    </ClInclude>
    <ClInclude Include="httpserver\include\XmlDocument.h">
      <Filter>Header Files</Filter>
    </ClInclude>
    <ClInclude Include="SAnimImg.h">
      <Filter>Header Files</Filter>
    </ClInclude>
    <ClInclude Include="STabCtrl2.h">
      <Filter>Header Files</Filter>
    </ClInclude>
    <ClInclude Include="RealWndDlg.h">
      <Filter>Header Files</Filter>
    </ClInclude>
    <ClInclude Include="SouiRealWndHandler.h">
      <Filter>Header Files</Filter>
    </ClInclude>
    <ClInclude Include="PlayerDlg.h">
      <Filter>Header Files</Filter>
    </ClInclude>
    <ClInclude Include="httpclient\include\HttpConnect.h">
      <Filter>Header Files</Filter>
    </ClInclude>
    <ClInclude Include="httpclient\include\HttpSocket.h">
      <Filter>Header Files</Filter>
    </ClInclude>
    <ClInclude Include="httpclient\include\IHttpInterface.h">
      <Filter>Header Files</Filter>
    </ClInclude>
  </ItemGroup>
  <ItemGroup>
    <None Include="res\soui_res.rc2">
      <Filter>Resource Files</Filter>
    </None>
  </ItemGroup>
  <ItemGroup>
    <Xml Include="uires\uidef\init.xml">
      <Filter>SoUI Resouece</Filter>
    </Xml>
    <Xml Include="uires\values\color.xml">
      <Filter>SoUI Resouece</Filter>
    </Xml>
    <Xml Include="uires\values\skin.xml">
      <Filter>SoUI Resouece</Filter>
    </Xml>
    <Xml Include="uires\values\string.xml">
      <Filter>SoUI Resouece</Filter>
    </Xml>
    <Xml Include="uires\xml\dlg_main.xml">
      <Filter>SoUI Resouece</Filter>
    </Xml>
    <Xml Include="uires\xml\dlg_tab.xml">
      <Filter>SoUI Resouece</Filter>
    </Xml>
    <Xml Include="uires\xml\dlg_cameraInfo.xml">
      <Filter>SoUI Resouece</Filter>
    </Xml>
    <Xml Include="uires\xml\general_page.xml">
      <Filter>SoUI Resouece</Filter>
    </Xml>
    <Xml Include="uires\xml\server_page.xml">
      <Filter>SoUI Resouece</Filter>
    </Xml>
    <Xml Include="uires\xml\store_page.xml">
      <Filter>SoUI Resouece</Filter>
    </Xml>
    <Xml Include="uires\xml\other_page.xml">
      <Filter>SoUI Resouece</Filter>
    </Xml>
    <Xml Include="uires\xml\dlg_cameraList.xml">
      <Filter>SoUI Resouece</Filter>
    </Xml>
    <Xml Include="uires\xml\dlg_realwnd.xml">
      <Filter>SoUI Resouece</Filter>
    </Xml>
    <Xml Include="uires\xml\dlg_player.xml">
      <Filter>SoUI Resouece</Filter>
    </Xml>
  </ItemGroup>
  <ItemGroup>
    <CustomBuild Include="uires\uires.idx">
      <Filter>SoUI Resouece</Filter>
    </CustomBuild>
  </ItemGroup>
</Project>